
Microsoft Visual Studio Solution File, Format Version 12.00
# Visual Studio Version 17
VisualStudioVersion = 17.6.33829.357
MinimumVisualStudioVersion = 10.0.40219.1
Project("{FAE04EC0-301F-11D3-BF4B-00C04F79EFBC}") = "TheSnaake", "TheSnaake.csproj", "{4C6F7F01-2D88-4603-ADA2-2034E7400BEA}"
EndProject
Global
	GlobalSection(SolutionConfigurationPlatforms) = preSolution
		Debug|Any CPU = Debug|Any CPU
		Release|Any CPU = Release|Any CPU
	EndGlobalSection
	GlobalSection(ProjectConfigurationPlatforms) = postSolution
		{4C6F7F01-2D88-4603-ADA2-2034E7400BEA}.Debug|Any CPU.ActiveCfg = Debug|Any CPU
		{4C6F7F01-2D88-4603-ADA2-2034E7400BEA}.Debug|Any CPU.Build.0 = Debug|Any CPU
		{4C6F7F01-2D88-4603-ADA2-2034E7400BEA}.Release|Any CPU.ActiveCfg = Release|Any CPU
		{4C6F7F01-2D88-4603-ADA2-2034E7400BEA}.Release|Any CPU.Build.0 = Release|Any CPU
	EndGlobalSection
	GlobalSection(SolutionProperties) = preSolution
		HideSolutionNode = FALSE
	EndGlobalSection
	GlobalSection(ExtensibilityGlobals) = postSolution
		SolutionGuid = {2C1A0E3B-EF6C-4556-B303-93B0657D3998}
	EndGlobalSection
EndGlobal
